{
    "_readme": [
        "This file locks the dependencies of your project to a known state",
        "Read more about it at https://getcomposer.org/doc/01-basic-usage.md#composer-lock-the-lock-file",
        "This file is @generated automatically"
    ],
    "content-hash": "0f50dfe34c7145df2a1002f5fc34315d",
    "packages": [
        {
            "name": "a5hleyrich/wp-background-processing",
            "version": "1.0.1",
            "source": {
                "type": "git",
                "url": "https://github.com/A5hleyRich/wp-background-processing.git",
                "reference": "1f070aab5058dbaf45d5435a343033ddd8a641b1"
            },
            "dist": {
                "type": "zip",
                "url": "https://api.github.com/repos/A5hleyRich/wp-background-processing/zipball/1f070aab5058dbaf45d5435a343033ddd8a641b1",
                "reference": "1f070aab5058dbaf45d5435a343033ddd8a641b1",
                "shasum": ""
            },
            "require": {
                "php": ">=5.2"
            },
            "type": "library",
            "autoload": {
                "classmap": [
                    "classes/"
                ]
            },
            "notification-url": "https://packagist.org/downloads/",
            "license": [
                "GPL-2.0-only"
            ],
            "authors": [
                {
                    "name": "Ashley Rich",
                    "email": "hello@ashleyrich.com"
                }
            ],
            "description": "WP Background Processing can be used to fire off non-blocking asynchronous requests or as a background processing tool, allowing you to queue tasks.",
            "time": "2018-02-12T09:24:05+00:00"
        },
        {
            "name": "drewm/mailchimp-api",
            "version": "v2.5",
            "source": {
                "type": "git",
                "url": "https://github.com/drewm/mailchimp-api.git",
                "reference": "f532fa26cd6e7d17c9ba40a757d8c6bfee47dace"
            },
            "dist": {
                "type": "zip",
                "url": "https://api.github.com/repos/drewm/mailchimp-api/zipball/f532fa26cd6e7d17c9ba40a757d8c6bfee47dace",
                "reference": "f532fa26cd6e7d17c9ba40a757d8c6bfee47dace",
                "shasum": ""
            },
            "require": {
                "ext-curl": "*",
                "php": ">=5.3"
            },
            "require-dev": {
                "phpunit/phpunit": "7.0.*",
                "vlucas/phpdotenv": "^2.0"
            },
            "type": "library",
            "autoload": {
                "psr-4": {
                    "DrewM\\MailChimp\\": "src"
                }
            },
            "notification-url": "https://packagist.org/downloads/",
            "license": [
                "MIT"
            ],
            "authors": [
                {
                    "name": "Drew McLellan",
                    "email": "drew.mclellan@gmail.com",
                    "homepage": "http://allinthehead.com/"
                }
            ],
            "description": "Super-simple, minimum abstraction MailChimp API v3 wrapper",
            "homepage": "https://github.com/drewm/mailchimp-api",
            "time": "2018-02-16T15:31:05+00:00"
        },
        {
            "name": "underdev/requirements",
            "version": "1.2.1",
            "source": {
                "type": "git",
                "url": "https://github.com/Kubitomakita/Requirements.git",
                "reference": "98fe018df4815a64c86b3db55dd72d0fe3ab736e"
            },
            "dist": {
                "type": "zip",
                "url": "https://api.github.com/repos/Kubitomakita/Requirements/zipball/98fe018df4815a64c86b3db55dd72d0fe3ab736e",
                "reference": "98fe018df4815a64c86b3db55dd72d0fe3ab736e",
                "shasum": ""
            },
            "type": "library",
            "autoload": {
                "classmap": [
                    "underDEV_Requirements.php"
                ]
            },
            "notification-url": "https://packagist.org/downloads/",
            "authors": [
                {
                    "name": "Kuba Mikita",
                    "email": "jakub@underdev.it"
                }
            ],
            "description": "WordPress drop-in to check requirements",
            "time": "2017-08-13T15:38:21+00:00"
        }
    ],
    "packages-dev": [],
    "aliases": [],
    "minimum-stability": "stable",
    "stability-flags": [],
    "prefer-stable": false,
    "prefer-lowest": false,
    "platform": [],
    "platform-dev": []
}
